// !$*UTF8*$!
{
	archiveVersion = 1;
	classes = {
	};
	objectVersion = 55;
	objects = {

/* Begin PBXBuildFile section */
		FA180A682A633A940037D607 /* MoviesImageView.swift in Sources */ = {isa = PBXBuildFile; fileRef = FA180A672A633A940037D607 /* MoviesImageView.swift */; };
		FA5CFBB92A5999C20045D007 /* UIHelper.swift in Sources */ = {isa = PBXBuildFile; fileRef = FA5CFBB82A5999C20045D007 /* UIHelper.swift */; };
		FA5CFBBB2A59A8600045D007 /* CGFloat+Ext.swift in Sources */ = {isa = PBXBuildFile; fileRef = FA5CFBBA2A59A8600045D007 /* CGFloat+Ext.swift */; };
		FA5CFBBE2A59B9670045D007 /* MovieCell.swift in Sources */ = {isa = PBXBuildFile; fileRef = FA5CFBBD2A59B9670045D007 /* MovieCell.swift */; };
		FAA756622A576528009C1975 /* UIView+Ext.swift in Sources */ = {isa = PBXBuildFile; fileRef = FAA756612A576528009C1975 /* UIView+Ext.swift */; };
		FAB4930A2A55EFE200E3A7F2 /* HomeViewModel.swift in Sources */ = {isa = PBXBuildFile; fileRef = FAB493092A55EFE200E3A7F2 /* HomeViewModel.swift */; };
		FAD004302A5197B400E013D1 /* AppDelegate.swift in Sources */ = {isa = PBXBuildFile; fileRef = FAD0042F2A5197B400E013D1 /* AppDelegate.swift */; };
		FAD004322A5197B400E013D1 /* SceneDelegate.swift in Sources */ = {isa = PBXBuildFile; fileRef = FAD004312A5197B400E013D1 /* SceneDelegate.swift */; };
		FAD004392A5197B800E013D1 /* Assets.xcassets in Resources */ = {isa = PBXBuildFile; fileRef = FAD004382A5197B800E013D1 /* Assets.xcassets */; };
		FAD0043C2A5197B800E013D1 /* LaunchScreen.storyboard in Resources */ = {isa = PBXBuildFile; fileRef = FAD0043A2A5197B800E013D1 /* LaunchScreen.storyboard */; };
		FAD0044B2A51A30500E013D1 /* HomeViewController.swift in Sources */ = {isa = PBXBuildFile; fileRef = FAD0044A2A51A30500E013D1 /* HomeViewController.swift */; };
		FAD0044D2A51A45500E013D1 /* NetworkManager.swift in Sources */ = {isa = PBXBuildFile; fileRef = FAD0044C2A51A45500E013D1 /* NetworkManager.swift */; };
		FAD0044F2A51DA0000E013D1 /* Movies.swift in Sources */ = {isa = PBXBuildFile; fileRef = FAD0044E2A51DA0000E013D1 /* Movies.swift */; };
		FAD004512A51F4C400E013D1 /* MovieService.swift in Sources */ = {isa = PBXBuildFile; fileRef = FAD004502A51F4C400E013D1 /* MovieService.swift */; };
		FAD004532A52096E00E013D1 /* APIURLS.swift in Sources */ = {isa = PBXBuildFile; fileRef = FAD004522A52096E00E013D1 /* APIURLS.swift */; };
/* End PBXBuildFile section */

/* Begin PBXFileReference section */
		FA180A672A633A940037D607 /* MoviesImageView.swift */ = {isa = PBXFileReference; lastKnownFileType = sourcecode.swift; path = MoviesImageView.swift; sourceTree = "<group>"; };
		FA5CFBB82A5999C20045D007 /* UIHelper.swift */ = {isa = PBXFileReference; lastKnownFileType = sourcecode.swift; path = UIHelper.swift; sourceTree = "<group>"; };
		FA5CFBBA2A59A8600045D007 /* CGFloat+Ext.swift */ = {isa = PBXFileReference; lastKnownFileType = sourcecode.swift; path = "CGFloat+Ext.swift"; sourceTree = "<group>"; };
		FA5CFBBD2A59B9670045D007 /* MovieCell.swift */ = {isa = PBXFileReference; lastKnownFileType = sourcecode.swift; path = MovieCell.swift; sourceTree = "<group>"; };
		FAA756612A576528009C1975 /* UIView+Ext.swift */ = {isa = PBXFileReference; lastKnownFileType = sourcecode.swift; path = "UIView+Ext.swift"; sourceTree = "<group>"; };
		FAB493092A55EFE200E3A7F2 /* HomeViewModel.swift */ = {isa = PBXFileReference; lastKnownFileType = sourcecode.swift; path = HomeViewModel.swift; sourceTree = "<group>"; };
		FAD0042C2A5197B400E013D1 /* Example-MVVM-APP.app */ = {isa = PBXFileReference; explicitFileType = wrapper.application; includeInIndex = 0; path = "Example-MVVM-APP.app"; sourceTree = BUILT_PRODUCTS_DIR; };
		FAD0042F2A5197B400E013D1 /* AppDelegate.swift */ = {isa = PBXFileReference; lastKnownFileType = sourcecode.swift; path = AppDelegate.swift; sourceTree = "<group>"; };
		FAD004312A5197B400E013D1 /* SceneDelegate.swift */ = {isa = PBXFileReference; lastKnownFileType = sourcecode.swift; path = SceneDelegate.swift; sourceTree = "<group>"; };
		FAD004382A5197B800E013D1 /* Assets.xcassets */ = {isa = PBXFileReference; lastKnownFileType = folder.assetcatalog; path = Assets.xcassets; sourceTree = "<group>"; };
		FAD0043B2A5197B800E013D1 /* Base */ = {isa = PBXFileReference; lastKnownFileType = file.storyboard; name = Base; path = Base.lproj/LaunchScreen.storyboard; sourceTree = "<group>"; };
		FAD0043D2A5197B800E013D1 /* Info.plist */ = {isa = PBXFileReference; lastKnownFileType = text.plist.xml; path = Info.plist; sourceTree = "<group>"; };
		FAD0044A2A51A30500E013D1 /* HomeViewController.swift */ = {isa = PBXFileReference; lastKnownFileType = sourcecode.swift; path = HomeViewController.swift; sourceTree = "<group>"; };
		FAD0044C2A51A45500E013D1 /* NetworkManager.swift */ = {isa = PBXFileReference; lastKnownFileType = sourcecode.swift; path = NetworkManager.swift; sourceTree = "<group>"; };
		FAD0044E2A51DA0000E013D1 /* Movies.swift */ = {isa = PBXFileReference; lastKnownFileType = sourcecode.swift; path = Movies.swift; sourceTree = "<group>"; };
		FAD004502A51F4C400E013D1 /* MovieService.swift */ = {isa = PBXFileReference; lastKnownFileType = sourcecode.swift; path = MovieService.swift; sourceTree = "<group>"; };
		FAD004522A52096E00E013D1 /* APIURLS.swift */ = {isa = PBXFileReference; lastKnownFileType = sourcecode.swift; path = APIURLS.swift; sourceTree = "<group>"; };
/* End PBXFileReference section */

/* Begin PBXFrameworksBuildPhase section */
		FAD004292A5197B400E013D1 /* Frameworks */ = {
			isa = PBXFrameworksBuildPhase;
			buildActionMask = 2147483647;
			files = (
			);
			runOnlyForDeploymentPostprocessing = 0;
		};
/* End PBXFrameworksBuildPhase section */

/* Begin PBXGroup section */
		FAA756602A576505009C1975 /* Extensions */ = {
			isa = PBXGroup;
			children = (
				FAA756612A576528009C1975 /* UIView+Ext.swift */,
				FA5CFBB82A5999C20045D007 /* UIHelper.swift */,
				FA5CFBBA2A59A8600045D007 /* CGFloat+Ext.swift */,
			);
			path = Extensions;
			sourceTree = "<group>";
		};
		FAD004232A5197B400E013D1 = {
			isa = PBXGroup;
			children = (
				FAD0042E2A5197B400E013D1 /* Example-MVVM-APP */,
				FAD0042D2A5197B400E013D1 /* Products */,
			);
			sourceTree = "<group>";
		};
		FAD0042D2A5197B400E013D1 /* Products */ = {
			isa = PBXGroup;
			children = (
				FAD0042C2A5197B400E013D1 /* Example-MVVM-APP.app */,
			);
			name = Products;
			sourceTree = "<group>";
		};
		FAD0042E2A5197B400E013D1 /* Example-MVVM-APP */ = {
			isa = PBXGroup;
			children = (
				FAA756602A576505009C1975 /* Extensions */,
				FAD004442A51A26400E013D1 /* Services */,
				FAD004462A51A27E00E013D1 /* Models */,
				FAD004472A51A28900E013D1 /* Core */,
				FAD004432A51A13800E013D1 /* Utilities */,
				FAD0042F2A5197B400E013D1 /* AppDelegate.swift */,
				FAD004312A5197B400E013D1 /* SceneDelegate.swift */,
				FAD004382A5197B800E013D1 /* Assets.xcassets */,
				FAD0043A2A5197B800E013D1 /* LaunchScreen.storyboard */,
				FAD0043D2A5197B800E013D1 /* Info.plist */,
			);
			path = "Example-MVVM-APP";
			sourceTree = "<group>";
		};
		FAD004432A51A13800E013D1 /* Utilities */ = {
			isa = PBXGroup;
			children = (
				FAD0044C2A51A45500E013D1 /* NetworkManager.swift */,
			);
			path = Utilities;
			sourceTree = "<group>";
		};
		FAD004442A51A26400E013D1 /* Services */ = {
			isa = PBXGroup;
			children = (
				FAD004502A51F4C400E013D1 /* MovieService.swift */,
				FAD004522A52096E00E013D1 /* APIURLS.swift */,
			);
			path = Services;
			sourceTree = "<group>";
		};
		FAD004462A51A27E00E013D1 /* Models */ = {
			isa = PBXGroup;
			children = (
				FAD0044E2A51DA0000E013D1 /* Movies.swift */,
			);
			path = Models;
			sourceTree = "<group>";
		};
		FAD004472A51A28900E013D1 /* Core */ = {
			isa = PBXGroup;
			children = (
				FAD004492A51A29D00E013D1 /* Components */,
				FAD004482A51A29200E013D1 /* HomeViewController */,
			);
			path = Core;
			sourceTree = "<group>";
		};
		FAD004482A51A29200E013D1 /* HomeViewController */ = {
			isa = PBXGroup;
			children = (
				FAD0044A2A51A30500E013D1 /* HomeViewController.swift */,
				FAB493092A55EFE200E3A7F2 /* HomeViewModel.swift */,
			);
			path = HomeViewController;
			sourceTree = "<group>";
		};
		FAD004492A51A29D00E013D1 /* Components */ = {
			isa = PBXGroup;
			children = (
				FA5CFBBD2A59B9670045D007 /* MovieCell.swift */,
				FA180A672A633A940037D607 /* MoviesImageView.swift */,
			);
			path = Components;
			sourceTree = "<group>";
		};
/* End PBXGroup section */

/* Begin PBXNativeTarget section */
		FAD0042B2A5197B400E013D1 /* Example-MVVM-APP */ = {
			isa = PBXNativeTarget;
			buildConfigurationList = FAD004402A5197B800E013D1 /* Build configuration list for PBXNativeTarget "Example-MVVM-APP" */;
			buildPhases = (
				FAD004282A5197B400E013D1 /* Sources */,
				FAD004292A5197B400E013D1 /* Frameworks */,
				FAD0042A2A5197B400E013D1 /* Resources */,
			);
			buildRules = (
			);
			dependencies = (
			);
			name = "Example-MVVM-APP";
			productName = "Example-MVVM-APP";
			productReference = FAD0042C2A5197B400E013D1 /* Example-MVVM-APP.app */;
			productType = "com.apple.product-type.application";
		};
/* End PBXNativeTarget section */

/* Begin PBXProject section */
		FAD004242A5197B400E013D1 /* Project object */ = {
			isa = PBXProject;
			attributes = {
				BuildIndependentTargetsInParallel = 1;
				LastSwiftUpdateCheck = 1320;
				LastUpgradeCheck = 1320;
				TargetAttributes = {
					FAD0042B2A5197B400E013D1 = {
						CreatedOnToolsVersion = 13.2.1;
					};
				};
			};
			buildConfigurationList = FAD004272A5197B400E013D1 /* Build configuration list for PBXProject "Example-MVVM-APP" */;
			compatibilityVersion = "Xcode 13.0";
			developmentRegion = en;
			hasScannedForEncodings = 0;
			knownRegions = (
				en,
				Base,
			);
			mainGroup = FAD004232A5197B400E013D1;
			productRefGroup = FAD0042D2A5197B400E013D1 /* Products */;
			projectDirPath = "";
			projectRoot = "";
			targets = (
				FAD0042B2A5197B400E013D1 /* Example-MVVM-APP */,
			);
		};
/* End PBXProject section */

/* Begin PBXResourcesBuildPhase section */
		FAD0042A2A5197B400E013D1 /* Resources */ = {
			isa = PBXResourcesBuildPhase;
			buildActionMask = 2147483647;
			files = (
				FAD0043C2A5197B800E013D1 /* LaunchScreen.storyboard in Resources */,
				FAD004392A5197B800E013D1 /* Assets.xcassets in Resources */,
			);
			runOnlyForDeploymentPostprocessing = 0;
		};
/* End PBXResourcesBuildPhase section */

/* Begin PBXSourcesBuildPhase section */
		FAD004282A5197B400E013D1 /* Sources */ = {
			isa = PBXSourcesBuildPhase;
			buildActionMask = 2147483647;
			files = (
				FA180A682A633A940037D607 /* MoviesImageView.swift in Sources */,
				FAD004512A51F4C400E013D1 /* MovieService.swift in Sources */,
				FAD0044F2A51DA0000E013D1 /* Movies.swift in Sources */,
				FA5CFBBE2A59B9670045D007 /* MovieCell.swift in Sources */,
				FA5CFBBB2A59A8600045D007 /* CGFloat+Ext.swift in Sources */,
				FAD004532A52096E00E013D1 /* APIURLS.swift in Sources */,
				FA5CFBB92A5999C20045D007 /* UIHelper.swift in Sources */,
				FAB4930A2A55EFE200E3A7F2 /* HomeViewModel.swift in Sources */,
				FAD0044D2A51A45500E013D1 /* NetworkManager.swift in Sources */,
				FAA756622A576528009C1975 /* UIView+Ext.swift in Sources */,
				FAD004302A5197B400E013D1 /* AppDelegate.swift in Sources */,
				FAD004322A5197B400E013D1 /* SceneDelegate.swift in Sources */,
				FAD0044B2A51A30500E013D1 /* HomeViewController.swift in Sources */,
			);
			runOnlyForDeploymentPostprocessing = 0;
		};
/* End PBXSourcesBuildPhase section */

/* Begin PBXVariantGroup section */
		FAD0043A2A5197B800E013D1 /* LaunchScreen.storyboard */ = {
			isa = PBXVariantGroup;
			children = (
				FAD0043B2A5197B800E013D1 /* Base */,
			);
			name = LaunchScreen.storyboard;
			sourceTree = "<group>";
		};
/* End PBXVariantGroup section */

/* Begin XCBuildConfiguration section */
		FAD0043E2A5197B800E013D1 /* Debug */ = {
			isa = XCBuildConfiguration;
			buildSettings = {
				ALWAYS_SEARCH_USER_PATHS = NO;
				CLANG_ANALYZER_NONNULL = YES;
				CLANG_ANALYZER_NUMBER_OBJECT_CONVERSION = YES_AGGRESSIVE;
				CLANG_CXX_LANGUAGE_STANDARD = "gnu++17";
				CLANG_CXX_LIBRARY = "libc++";
				CLANG_ENABLE_MODULES = YES;
				CLANG_ENABLE_OBJC_ARC = YES;
				CLANG_ENABLE_OBJC_WEAK = YES;
				CLANG_WARN_BLOCK_CAPTURE_AUTORELEASING = YES;
				CLANG_WARN_BOOL_CONVERSION = YES;
				CLANG_WARN_COMMA = YES;
				CLANG_WARN_CONSTANT_CONVERSION = YES;
				CLANG_WARN_DEPRECATED_OBJC_IMPLEMENTATIONS = YES;
				CLANG_WARN_DIRECT_OBJC_ISA_USAGE = YES_ERROR;
				CLANG_WARN_DOCUMENTATION_COMMENTS = YES;
				CLANG_WARN_EMPTY_BODY = YES;
				CLANG_WARN_ENUM_CONVERSION = YES;
				CLANG_WARN_INFINITE_RECURSION = YES;
				CLANG_WARN_INT_CONVERSION = YES;
				CLANG_WARN_NON_LITERAL_NULL_CONVERSION = YES;
				CLANG_WARN_OBJC_IMPLICIT_RETAIN_SELF = YES;
				CLANG_WARN_OBJC_LITERAL_CONVERSION = YES;
				CLANG_WARN_OBJC_ROOT_CLASS = YES_ERROR;
				CLANG_WARN_QUOTED_INCLUDE_IN_FRAMEWORK_HEADER = YES;
				CLANG_WARN_RANGE_LOOP_ANALYSIS = YES;
				CLANG_WARN_STRICT_PROTOTYPES = YES;
				CLANG_WARN_SUSPICIOUS_MOVE = YES;
				CLANG_WARN_UNGUARDED_AVAILABILITY = YES_AGGRESSIVE;
				CLANG_WARN_UNREACHABLE_CODE = YES;
				CLANG_WARN__DUPLICATE_METHOD_MATCH = YES;
				COPY_PHASE_STRIP = NO;
				DEBUG_INFORMATION_FORMAT = dwarf;
				ENABLE_STRICT_OBJC_MSGSEND = YES;
				ENABLE_TESTABILITY = YES;
				GCC_C_LANGUAGE_STANDARD = gnu11;
				GCC_DYNAMIC_NO_PIC = NO;
				GCC_NO_COMMON_BLOCKS = YES;
				GCC_OPTIMIZATION_LEVEL = 0;
				GCC_PREPROCESSOR_DEFINITIONS = (
					"DEBUG=1",
					"$(inherited)",
				);
				GCC_WARN_64_TO_32_BIT_CONVERSION = YES;
				GCC_WARN_ABOUT_RETURN_TYPE = YES_ERROR;
				GCC_WARN_UNDECLARED_SELECTOR = YES;
				GCC_WARN_UNINITIALIZED_AUTOS = YES_AGGRESSIVE;
				GCC_WARN_UNUSED_FUNCTION = YES;
				GCC_WARN_UNUSED_VARIABLE = YES;
				IPHONEOS_DEPLOYMENT_TARGET = 15.2;
				MTL_ENABLE_DEBUG_INFO = INCLUDE_SOURCE;
				MTL_FAST_MATH = YES;
				ONLY_ACTIVE_ARCH = YES;
				SDKROOT = iphoneos;
				SWIFT_ACTIVE_COMPILATION_CONDITIONS = DEBUG;
				SWIFT_OPTIMIZATION_LEVEL = "-Onone";
			};
			name = Debug;
		};
		FAD0043F2A5197B800E013D1 /* Release */ = {
			isa = XCBuildConfiguration;
			buildSettings = {
				ALWAYS_SEARCH_USER_PATHS = NO;
				CLANG_ANALYZER_NONNULL = YES;
				CLANG_ANALYZER_NUMBER_OBJECT_CONVERSION = YES_AGGRESSIVE;
				CLANG_CXX_LANGUAGE_STANDARD = "gnu++17";
				CLANG_CXX_LIBRARY = "libc++";
				CLANG_ENABLE_MODULES = YES;
				CLANG_ENABLE_OBJC_ARC = YES;
				CLANG_ENABLE_OBJC_WEAK = YES;
				CLANG_WARN_BLOCK_CAPTURE_AUTORELEASING = YES;
				CLANG_WARN_BOOL_CONVERSION = YES;
				CLANG_WARN_COMMA = YES;
				CLANG_WARN_CONSTANT_CONVERSION = YES;
				CLANG_WARN_DEPRECATED_OBJC_IMPLEMENTATIONS = YES;
				CLANG_WARN_DIRECT_OBJC_ISA_USAGE = YES_ERROR;
				CLANG_WARN_DOCUMENTATION_COMMENTS = YES;
				CLANG_WARN_EMPTY_BODY = YES;
				CLANG_WARN_ENUM_CONVERSION = YES;
				CLANG_WARN_INFINITE_RECURSION = YES;
				CLANG_WARN_INT_CONVERSION = YES;
				CLANG_WARN_NON_LITERAL_NULL_CONVERSION = YES;
				CLANG_WARN_OBJC_IMPLICIT_RETAIN_SELF = YES;
				CLANG_WARN_OBJC_LITERAL_CONVERSION = YES;
				CLANG_WARN_OBJC_ROOT_CLASS = YES_ERROR;
				CLANG_WARN_QUOTED_INCLUDE_IN_FRAMEWORK_HEADER = YES;
				CLANG_WARN_RANGE_LOOP_ANALYSIS = YES;
				CLANG_WARN_STRICT_PROTOTYPES = YES;
				CLANG_WARN_SUSPICIOUS_MOVE = YES;
				CLANG_WARN_UNGUARDED_AVAILABILITY = YES_AGGRESSIVE;
				CLANG_WARN_UNREACHABLE_CODE = YES;
				CLANG_WARN__DUPLICATE_METHOD_MATCH = YES;
				COPY_PHASE_STRIP = NO;
				DEBUG_INFORMATION_FORMAT = "dwarf-with-dsym";
				ENABLE_NS_ASSERTIONS = NO;
				ENABLE_STRICT_OBJC_MSGSEND = YES;
				GCC_C_LANGUAGE_STANDARD = gnu11;
				GCC_NO_COMMON_BLOCKS = YES;
				GCC_WARN_64_TO_32_BIT_CONVERSION = YES;
				GCC_WARN_ABOUT_RETURN_TYPE = YES_ERROR;
				GCC_WARN_UNDECLARED_SELECTOR = YES;
				GCC_WARN_UNINITIALIZED_AUTOS = YES_AGGRESSIVE;
				GCC_WARN_UNUSED_FUNCTION = YES;
				GCC_WARN_UNUSED_VARIABLE = YES;
				IPHONEOS_DEPLOYMENT_TARGET = 15.2;
				MTL_ENABLE_DEBUG_INFO = NO;
				MTL_FAST_MATH = YES;
				SDKROOT = iphoneos;
				SWIFT_COMPILATION_MODE = wholemodule;
				SWIFT_OPTIMIZATION_LEVEL = "-O";
				VALIDATE_PRODUCT = YES;
			};
			name = Release;
		};
		FAD004412A5197B800E013D1 /* Debug */ = {
			isa = XCBuildConfiguration;
			buildSettings = {
				ASSETCATALOG_COMPILER_APPICON_NAME = AppIcon;
				ASSETCATALOG_COMPILER_GLOBAL_ACCENT_COLOR_NAME = AccentColor;
				CODE_SIGN_STYLE = Automatic;
				CURRENT_PROJECT_VERSION = 1;
				GENERATE_INFOPLIST_FILE = YES;
				INFOPLIST_FILE = "Example-MVVM-APP/Info.plist";
				INFOPLIST_KEY_UIApplicationSupportsIndirectInputEvents = YES;
				INFOPLIST_KEY_UILaunchStoryboardName = LaunchScreen;
				INFOPLIST_KEY_UISupportedInterfaceOrientations_iPad = "UIInterfaceOrientationPortrait UIInterfaceOrientationPortraitUpsideDown UIInterfaceOrientationLandscapeLeft UIInterfaceOrientationLandscapeRight";
				INFOPLIST_KEY_UISupportedInterfaceOrientations_iPhone = "UIInterfaceOrientationPortrait UIInterfaceOrientationLandscapeLeft UIInterfaceOrientationLandscapeRight";
				LD_RUNPATH_SEARCH_PATHS = (
					"$(inherited)",
					"@executable_path/Frameworks",
				);
				MARKETING_VERSION = 1.0;
				PRODUCT_BUNDLE_IDENTIFIER = "Guncel-ALDEMIR.Example-MVVM-APP";
				PRODUCT_NAME = "$(TARGET_NAME)";
				SWIFT_EMIT_LOC_STRINGS = YES;
				SWIFT_VERSION = 5.0;
				TARGETED_DEVICE_FAMILY = "1,2";
			};
			name = Debug;
		};
		FAD004422A5197B800E013D1 /* Release */ = {
			isa = XCBuildConfiguration;
			buildSettings = {
				ASSETCATALOG_COMPILER_APPICON_NAME = AppIcon;
				ASSETCATALOG_COMPILER_GLOBAL_ACCENT_COLOR_NAME = AccentColor;
				CODE_SIGN_STYLE = Automatic;
				CURRENT_PROJECT_VERSION = 1;
				GENERATE_INFOPLIST_FILE = YES;
				INFOPLIST_FILE = "Example-MVVM-APP/Info.plist";
				INFOPLIST_KEY_UIApplicationSupportsIndirectInputEvents = YES;
				INFOPLIST_KEY_UILaunchStoryboardName = LaunchScreen;
				INFOPLIST_KEY_UISupportedInterfaceOrientations_iPad = "UIInterfaceOrientationPortrait UIInterfaceOrientationPortraitUpsideDown UIInterfaceOrientationLandscapeLeft UIInterfaceOrientationLandscapeRight";
				INFOPLIST_KEY_UISupportedInterfaceOrientations_iPhone = "UIInterfaceOrientationPortrait UIInterfaceOrientationLandscapeLeft UIInterfaceOrientationLandscapeRight";
				LD_RUNPATH_SEARCH_PATHS = (
					"$(inherited)",
					"@executable_path/Frameworks",
				);
				MARKETING_VERSION = 1.0;
				PRODUCT_BUNDLE_IDENTIFIER = "Guncel-ALDEMIR.Example-MVVM-APP";
				PRODUCT_NAME = "$(TARGET_NAME)";
				SWIFT_EMIT_LOC_STRINGS = YES;
				SWIFT_VERSION = 5.0;
				TARGETED_DEVICE_FAMILY = "1,2";
			};
			name = Release;
		};
/* End XCBuildConfiguration section */

/* Begin XCConfigurationList section */
		FAD004272A5197B400E013D1 /* Build configuration list for PBXProject "Example-MVVM-APP" */ = {
			isa = XCConfigurationList;
			buildConfigurations = (
				FAD0043E2A5197B800E013D1 /* Debug */,
				FAD0043F2A5197B800E013D1 /* Release */,
			);
			defaultConfigurationIsVisible = 0;
			defaultConfigurationName = Release;
		};
		FAD004402A5197B800E013D1 /* Build configuration list for PBXNativeTarget "Example-MVVM-APP" */ = {
			isa = XCConfigurationList;
			buildConfigurations = (
				FAD004412A5197B800E013D1 /* Debug */,
				FAD004422A5197B800E013D1 /* Release */,
			);
			defaultConfigurationIsVisible = 0;
			defaultConfigurationName = Release;
		};
/* End XCConfigurationList section */
	};
	rootObject = FAD004242A5197B400E013D1 /* Project object */;
}
